version = 1
revision = 2
requires-python = ">=3.10"

[[package]]
name = "dns-smtp-email-validator"
version = "0.1.10"
source = { editable = "." }
dependencies = [
    { name = "dnspython" },
    { name = "load-dotenv" },
]

[package.metadata]
requires-dist = [
    { name = "dnspython", specifier = ">=2.3.0" },
    { name = "load-dotenv", specifier = ">=0.1.0" },
]

[[package]]
name = "dnspython"
version = "2.7.0"
source = { registry = "https://pypi.org/simple" }
sdist = { url = "https://files.pythonhosted.org/packages/b5/4a/263763cb2ba3816dd94b08ad3a33d5fdae34ecb856678773cc40a3605829/dnspython-2.7.0.tar.gz", hash = "sha256:ce9c432eda0dc91cf618a5cedf1a4e142651196bbcd2c80e89ed5a907e5cfaf1", size = 345197, upload-time = "2024-10-05T20:14:59.362Z" }
wheels = [
    { url = "https://files.pythonhosted.org/packages/68/1b/e0a87d256e40e8c888847551b20a017a6b98139178505dc7ffb96f04e954/dnspython-2.7.0-py3-none-any.whl", hash = "sha256:b4c34b7d10b51bcc3a5071e7b8dee77939f1e878477eeecc965e9835f63c6c86", size = 313632, upload-time = "2024-10-05T20:14:57.687Z" },
]

[[package]]
name = "load-dotenv"
version = "0.1.0"
source = { registry = "https://pypi.org/simple" }
dependencies = [
    { name = "python-dotenv" },
]
sdist = { url = "https://files.pythonhosted.org/packages/d7/95/055d123dde74bd54b99b27a3c2d8c6e218f544e0bd437480f61ccf85a07f/load-dotenv-0.1.0.tar.gz", hash = "sha256:bbe5f40072d4a61eadca66de6c222df5a2d935d6d41b703be1ff75396f635145", size = 6404, upload-time = "2022-09-02T19:55:01.349Z" }
wheels = [
    { url = "https://files.pythonhosted.org/packages/14/2e/268a528dfa1f76999435634b0453fdd917ea878a818a6d5981632f7acffb/load_dotenv-0.1.0-py3-none-any.whl", hash = "sha256:614803f720153fb8a5f97124a72aaa3930a67aa5547cbe8603d01ea7f9ac1adf", size = 7175, upload-time = "2022-09-02T19:54:59.85Z" },
]

[[package]]
name = "python-dotenv"
version = "1.1.0"
source = { registry = "https://pypi.org/simple" }
sdist = { url = "https://files.pythonhosted.org/packages/88/2c/7bb1416c5620485aa793f2de31d3df393d3686aa8a8506d11e10e13c5baf/python_dotenv-1.1.0.tar.gz", hash = "sha256:41f90bc6f5f177fb41f53e87666db362025010eb28f60a01c9143bfa33a2b2d5", size = 39920, upload-time = "2025-03-25T10:14:56.835Z" }
wheels = [
    { url = "https://files.pythonhosted.org/packages/1e/18/98a99ad95133c6a6e2005fe89faedf294a748bd5dc803008059409ac9b1e/python_dotenv-1.1.0-py3-none-any.whl", hash = "sha256:d7c01d9e2293916c18baf562d95698754b0dbbb5e74d457c45d4f6561fb9d55d", size = 20256, upload-time = "2025-03-25T10:14:55.034Z" },
]
